
Microsoft Visual Studio Solution File, Format Version 12.00
# Visual Studio Version 17
VisualStudioVersion = 17.8.34330.188
MinimumVisualStudioVersion = 10.0.40219.1
Project("{9A19103F-16F7-4668-BE54-9A1E7A4F7556}") = "DataAccess", "DataAccess\DataAccess.csproj", "{F34CF595-0FF3-48E2-A71F-90EC97928D37}"
EndProject
Project("{FAE04EC0-301F-11D3-BF4B-00C04F79EFBC}") = "BusinessObject", "BusinessObject\BusinessObject.csproj", "{D7EA5F46-4A62-45FB-A1DA-2C8A0AE8A8AE}"
EndProject
Project("{FAE04EC0-301F-11D3-BF4B-00C04F79EFBC}") = "SalesWinApp", "SalesWinApp\SalesWinApp.csproj", "{8EA0BD72-2677-4C9A-A116-5F292072B854}"
EndProject
Project("{2150E333-8FDC-42A3-9474-1A3956D46DE8}") = "Presentation Layer", "Presentation Layer", "{C8A258EA-8CDC-42CD-94D4-976713A55E22}"
EndProject
Project("{2150E333-8FDC-42A3-9474-1A3956D46DE8}") = "Business Layer", "Business Layer", "{4AEFE106-BEE4-4527-88F9-4D9C27D899C7}"
EndProject
Project("{2150E333-8FDC-42A3-9474-1A3956D46DE8}") = "Data Layer", "Data Layer", "{6E1C29C7-4BDD-4AF0-85FC-301DF4371A2D}"
EndProject
Global
	GlobalSection(SolutionConfigurationPlatforms) = preSolution
		Debug|Any CPU = Debug|Any CPU
		Release|Any CPU = Release|Any CPU
	EndGlobalSection
	GlobalSection(ProjectConfigurationPlatforms) = postSolution
		{F34CF595-0FF3-48E2-A71F-90EC97928D37}.Debug|Any CPU.ActiveCfg = Debug|Any CPU
		{F34CF595-0FF3-48E2-A71F-90EC97928D37}.Debug|Any CPU.Build.0 = Debug|Any CPU
		{F34CF595-0FF3-48E2-A71F-90EC97928D37}.Release|Any CPU.ActiveCfg = Release|Any CPU
		{F34CF595-0FF3-48E2-A71F-90EC97928D37}.Release|Any CPU.Build.0 = Release|Any CPU
		{D7EA5F46-4A62-45FB-A1DA-2C8A0AE8A8AE}.Debug|Any CPU.ActiveCfg = Debug|Any CPU
		{D7EA5F46-4A62-45FB-A1DA-2C8A0AE8A8AE}.Debug|Any CPU.Build.0 = Debug|Any CPU
		{D7EA5F46-4A62-45FB-A1DA-2C8A0AE8A8AE}.Release|Any CPU.ActiveCfg = Release|Any CPU
		{D7EA5F46-4A62-45FB-A1DA-2C8A0AE8A8AE}.Release|Any CPU.Build.0 = Release|Any CPU
		{8EA0BD72-2677-4C9A-A116-5F292072B854}.Debug|Any CPU.ActiveCfg = Debug|Any CPU
		{8EA0BD72-2677-4C9A-A116-5F292072B854}.Debug|Any CPU.Build.0 = Debug|Any CPU
		{8EA0BD72-2677-4C9A-A116-5F292072B854}.Release|Any CPU.ActiveCfg = Release|Any CPU
		{8EA0BD72-2677-4C9A-A116-5F292072B854}.Release|Any CPU.Build.0 = Release|Any CPU
	EndGlobalSection
	GlobalSection(SolutionProperties) = preSolution
		HideSolutionNode = FALSE
	EndGlobalSection
	GlobalSection(NestedProjects) = preSolution
		{F34CF595-0FF3-48E2-A71F-90EC97928D37} = {6E1C29C7-4BDD-4AF0-85FC-301DF4371A2D}
		{D7EA5F46-4A62-45FB-A1DA-2C8A0AE8A8AE} = {4AEFE106-BEE4-4527-88F9-4D9C27D899C7}
		{8EA0BD72-2677-4C9A-A116-5F292072B854} = {C8A258EA-8CDC-42CD-94D4-976713A55E22}
	EndGlobalSection
	GlobalSection(ExtensibilityGlobals) = postSolution
		SolutionGuid = {1E3DA080-96E9-478B-AFE5-FD36A334F0E3}
	EndGlobalSection
EndGlobal
